// !$*UTF8*$!
{
	archiveVersion = 1;
	classes = {
	};
	objectVersion = 50;
	objects = {

/* Begin PBXBuildFile section */
		00F482D72460C742005EFFFE /* AppDelegate.swift in Sources */ = {isa = PBXBuildFile; fileRef = 00F482D62460C742005EFFFE /* AppDelegate.swift */; };
		00F482D92460C742005EFFFE /* SceneDelegate.swift in Sources */ = {isa = PBXBuildFile; fileRef = 00F482D82460C742005EFFFE /* SceneDelegate.swift */; };
		00F482DB2460C742005EFFFE /* ContentView.swift in Sources */ = {isa = PBXBuildFile; fileRef = 00F482DA2460C742005EFFFE /* ContentView.swift */; };
		00F482DD2460C746005EFFFE /* Assets.xcassets in Resources */ = {isa = PBXBuildFile; fileRef = 00F482DC2460C746005EFFFE /* Assets.xcassets */; };
		00F482E02460C746005EFFFE /* Preview Assets.xcassets in Resources */ = {isa = PBXBuildFile; fileRef = 00F482DF2460C746005EFFFE /* Preview Assets.xcassets */; };
		00F482E32460C746005EFFFE /* LaunchScreen.storyboard in Resources */ = {isa = PBXBuildFile; fileRef = 00F482E12460C746005EFFFE /* LaunchScreen.storyboard */; };
		00F482EC2460C7DC005EFFFE /* NetworkingController.swift in Sources */ = {isa = PBXBuildFile; fileRef = 00F482EB2460C7DC005EFFFE /* NetworkingController.swift */; };
		00F482EE2460CAF2005EFFFE /* Films.swift in Sources */ = {isa = PBXBuildFile; fileRef = 00F482ED2460CAF2005EFFFE /* Films.swift */; };
		00F482F02460D03F005EFFFE /* DetailView.swift in Sources */ = {isa = PBXBuildFile; fileRef = 00F482EF2460D03F005EFFFE /* DetailView.swift */; };
/* End PBXBuildFile section */

/* Begin PBXFileReference section */
		00F482D32460C742005EFFFE /* The Star Wars API.app */ = {isa = PBXFileReference; explicitFileType = wrapper.application; includeInIndex = 0; path = "The Star Wars API.app"; sourceTree = BUILT_PRODUCTS_DIR; };
		00F482D62460C742005EFFFE /* AppDelegate.swift */ = {isa = PBXFileReference; lastKnownFileType = sourcecode.swift; path = AppDelegate.swift; sourceTree = "<group>"; };
		00F482D82460C742005EFFFE /* SceneDelegate.swift */ = {isa = PBXFileReference; lastKnownFileType = sourcecode.swift; path = SceneDelegate.swift; sourceTree = "<group>"; };
		00F482DA2460C742005EFFFE /* ContentView.swift */ = {isa = PBXFileReference; lastKnownFileType = sourcecode.swift; path = ContentView.swift; sourceTree = "<group>"; };
		00F482DC2460C746005EFFFE /* Assets.xcassets */ = {isa = PBXFileReference; lastKnownFileType = folder.assetcatalog; path = Assets.xcassets; sourceTree = "<group>"; };
		00F482DF2460C746005EFFFE /* Preview Assets.xcassets */ = {isa = PBXFileReference; lastKnownFileType = folder.assetcatalog; path = "Preview Assets.xcassets"; sourceTree = "<group>"; };
		00F482E22460C746005EFFFE /* Base */ = {isa = PBXFileReference; lastKnownFileType = file.storyboard; name = Base; path = Base.lproj/LaunchScreen.storyboard; sourceTree = "<group>"; };
		00F482E42460C746005EFFFE /* Info.plist */ = {isa = PBXFileReference; lastKnownFileType = text.plist.xml; path = Info.plist; sourceTree = "<group>"; };
		00F482EB2460C7DC005EFFFE /* NetworkingController.swift */ = {isa = PBXFileReference; lastKnownFileType = sourcecode.swift; path = NetworkingController.swift; sourceTree = "<group>"; };
		00F482ED2460CAF2005EFFFE /* Films.swift */ = {isa = PBXFileReference; lastKnownFileType = sourcecode.swift; path = Films.swift; sourceTree = "<group>"; };
		00F482EF2460D03F005EFFFE /* DetailView.swift */ = {isa = PBXFileReference; lastKnownFileType = sourcecode.swift; path = DetailView.swift; sourceTree = "<group>"; };
/* End PBXFileReference section */

/* Begin PBXFrameworksBuildPhase section */
		00F482D02460C742005EFFFE /* Frameworks */ = {
			isa = PBXFrameworksBuildPhase;
			buildActionMask = 2147483647;
			files = (
			);
			runOnlyForDeploymentPostprocessing = 0;
		};
/* End PBXFrameworksBuildPhase section */

/* Begin PBXGroup section */
		00F482CA2460C742005EFFFE = {
			isa = PBXGroup;
			children = (
				00F482D52460C742005EFFFE /* The Star Wars API */,
				00F482D42460C742005EFFFE /* Products */,
			);
			sourceTree = "<group>";
		};
		00F482D42460C742005EFFFE /* Products */ = {
			isa = PBXGroup;
			children = (
				00F482D32460C742005EFFFE /* The Star Wars API.app */,
			);
			name = Products;
			sourceTree = "<group>";
		};
		00F482D52460C742005EFFFE /* The Star Wars API */ = {
			isa = PBXGroup;
			children = (
				00F482EA2460C763005EFFFE /* App Delegates */,
				00F482F12460D1DF005EFFFE /* Views */,
				00F482F22460D1FC005EFFFE /* Controllers */,
				00F482F32460D212005EFFFE /* Models */,
				00F482DC2460C746005EFFFE /* Assets.xcassets */,
				00F482E12460C746005EFFFE /* LaunchScreen.storyboard */,
				00F482E42460C746005EFFFE /* Info.plist */,
				00F482DE2460C746005EFFFE /* Preview Content */,
			);
			path = "The Star Wars API";
			sourceTree = "<group>";
		};
		00F482DE2460C746005EFFFE /* Preview Content */ = {
			isa = PBXGroup;
			children = (
				00F482DF2460C746005EFFFE /* Preview Assets.xcassets */,
			);
			path = "Preview Content";
			sourceTree = "<group>";
		};
		00F482EA2460C763005EFFFE /* App Delegates */ = {
			isa = PBXGroup;
			children = (
				00F482D62460C742005EFFFE /* AppDelegate.swift */,
				00F482D82460C742005EFFFE /* SceneDelegate.swift */,
			);
			path = "App Delegates";
			sourceTree = "<group>";
		};
		00F482F12460D1DF005EFFFE /* Views */ = {
			isa = PBXGroup;
			children = (
				00F482DA2460C742005EFFFE /* ContentView.swift */,
				00F482EF2460D03F005EFFFE /* DetailView.swift */,
			);
			path = Views;
			sourceTree = "<group>";
		};
		00F482F22460D1FC005EFFFE /* Controllers */ = {
			isa = PBXGroup;
			children = (
				00F482EB2460C7DC005EFFFE /* NetworkingController.swift */,
			);
			path = Controllers;
			sourceTree = "<group>";
		};
		00F482F32460D212005EFFFE /* Models */ = {
			isa = PBXGroup;
			children = (
				00F482ED2460CAF2005EFFFE /* Films.swift */,
			);
			path = Models;
			sourceTree = "<group>";
		};
/* End PBXGroup section */

/* Begin PBXNativeTarget section */
		00F482D22460C742005EFFFE /* The Star Wars API */ = {
			isa = PBXNativeTarget;
			buildConfigurationList = 00F482E72460C746005EFFFE /* Build configuration list for PBXNativeTarget "The Star Wars API" */;
			buildPhases = (
				00F482CF2460C742005EFFFE /* Sources */,
				00F482D02460C742005EFFFE /* Frameworks */,
				00F482D12460C742005EFFFE /* Resources */,
			);
			buildRules = (
			);
			dependencies = (
			);
			name = "The Star Wars API";
			productName = "The Star Wars API";
			productReference = 00F482D32460C742005EFFFE /* The Star Wars API.app */;
			productType = "com.apple.product-type.application";
		};
/* End PBXNativeTarget section */

/* Begin PBXProject section */
		00F482CB2460C742005EFFFE /* Project object */ = {
			isa = PBXProject;
			attributes = {
				LastSwiftUpdateCheck = 1140;
				LastUpgradeCheck = 1140;
				ORGANIZATIONNAME = "Caleb Wells";
				TargetAttributes = {
					00F482D22460C742005EFFFE = {
						CreatedOnToolsVersion = 11.4.1;
					};
				};
			};
			buildConfigurationList = 00F482CE2460C742005EFFFE /* Build configuration list for PBXProject "The Star Wars API" */;
			compatibilityVersion = "Xcode 9.3";
			developmentRegion = en;
			hasScannedForEncodings = 0;
			knownRegions = (
				en,
				Base,
			);
			mainGroup = 00F482CA2460C742005EFFFE;
			productRefGroup = 00F482D42460C742005EFFFE /* Products */;
			projectDirPath = "";
			projectRoot = "";
			targets = (
				00F482D22460C742005EFFFE /* The Star Wars API */,
			);
		};
/* End PBXProject section */

/* Begin PBXResourcesBuildPhase section */
		00F482D12460C742005EFFFE /* Resources */ = {
			isa = PBXResourcesBuildPhase;
			buildActionMask = 2147483647;
			files = (
				00F482E32460C746005EFFFE /* LaunchScreen.storyboard in Resources */,
				00F482E02460C746005EFFFE /* Preview Assets.xcassets in Resources */,
				00F482DD2460C746005EFFFE /* Assets.xcassets in Resources */,
			);
			runOnlyForDeploymentPostprocessing = 0;
		};
/* End PBXResourcesBuildPhase section */

/* Begin PBXSourcesBuildPhase section */
		00F482CF2460C742005EFFFE /* Sources */ = {
			isa = PBXSourcesBuildPhase;
			buildActionMask = 2147483647;
			files = (
				00F482D72460C742005EFFFE /* AppDelegate.swift in Sources */,
				00F482F02460D03F005EFFFE /* DetailView.swift in Sources */,
				00F482EE2460CAF2005EFFFE /* Films.swift in Sources */,
				00F482EC2460C7DC005EFFFE /* NetworkingController.swift in Sources */,
				00F482D92460C742005EFFFE /* SceneDelegate.swift in Sources */,
				00F482DB2460C742005EFFFE /* ContentView.swift in Sources */,
			);
			runOnlyForDeploymentPostprocessing = 0;
		};
/* End PBXSourcesBuildPhase section */

/* Begin PBXVariantGroup section */
		00F482E12460C746005EFFFE /* LaunchScreen.storyboard */ = {
			isa = PBXVariantGroup;
			children = (
				00F482E22460C746005EFFFE /* Base */,
			);
			name = LaunchScreen.storyboard;
			sourceTree = "<group>";
		};
/* End PBXVariantGroup section */

/* Begin XCBuildConfiguration section */
		00F482E52460C746005EFFFE /* Debug */ = {
			isa = XCBuildConfiguration;
			buildSettings = {
				ALWAYS_SEARCH_USER_PATHS = NO;
				CLANG_ANALYZER_NONNULL = YES;
				CLANG_ANALYZER_NUMBER_OBJECT_CONVERSION = YES_AGGRESSIVE;
				CLANG_CXX_LANGUAGE_STANDARD = "gnu++14";
				CLANG_CXX_LIBRARY = "libc++";
				CLANG_ENABLE_MODULES = YES;
				CLANG_ENABLE_OBJC_ARC = YES;
				CLANG_ENABLE_OBJC_WEAK = YES;
				CLANG_WARN_BLOCK_CAPTURE_AUTORELEASING = YES;
				CLANG_WARN_BOOL_CONVERSION = YES;
				CLANG_WARN_COMMA = YES;
				CLANG_WARN_CONSTANT_CONVERSION = YES;
				CLANG_WARN_DEPRECATED_OBJC_IMPLEMENTATIONS = YES;
				CLANG_WARN_DIRECT_OBJC_ISA_USAGE = YES_ERROR;
				CLANG_WARN_DOCUMENTATION_COMMENTS = YES;
				CLANG_WARN_EMPTY_BODY = YES;
				CLANG_WARN_ENUM_CONVERSION = YES;
				CLANG_WARN_INFINITE_RECURSION = YES;
				CLANG_WARN_INT_CONVERSION = YES;
				CLANG_WARN_NON_LITERAL_NULL_CONVERSION = YES;
				CLANG_WARN_OBJC_IMPLICIT_RETAIN_SELF = YES;
				CLANG_WARN_OBJC_LITERAL_CONVERSION = YES;
				CLANG_WARN_OBJC_ROOT_CLASS = YES_ERROR;
				CLANG_WARN_RANGE_LOOP_ANALYSIS = YES;
				CLANG_WARN_STRICT_PROTOTYPES = YES;
				CLANG_WARN_SUSPICIOUS_MOVE = YES;
				CLANG_WARN_UNGUARDED_AVAILABILITY = YES_AGGRESSIVE;
				CLANG_WARN_UNREACHABLE_CODE = YES;
				CLANG_WARN__DUPLICATE_METHOD_MATCH = YES;
				COPY_PHASE_STRIP = NO;
				DEBUG_INFORMATION_FORMAT = dwarf;
				ENABLE_STRICT_OBJC_MSGSEND = YES;
				ENABLE_TESTABILITY = YES;
				GCC_C_LANGUAGE_STANDARD = gnu11;
				GCC_DYNAMIC_NO_PIC = NO;
				GCC_NO_COMMON_BLOCKS = YES;
				GCC_OPTIMIZATION_LEVEL = 0;
				GCC_PREPROCESSOR_DEFINITIONS = (
					"DEBUG=1",
					"$(inherited)",
				);
				GCC_WARN_64_TO_32_BIT_CONVERSION = YES;
				GCC_WARN_ABOUT_RETURN_TYPE = YES_ERROR;
				GCC_WARN_UNDECLARED_SELECTOR = YES;
				GCC_WARN_UNINITIALIZED_AUTOS = YES_AGGRESSIVE;
				GCC_WARN_UNUSED_FUNCTION = YES;
				GCC_WARN_UNUSED_VARIABLE = YES;
				IPHONEOS_DEPLOYMENT_TARGET = 13.4;
				MTL_ENABLE_DEBUG_INFO = INCLUDE_SOURCE;
				MTL_FAST_MATH = YES;
				ONLY_ACTIVE_ARCH = YES;
				SDKROOT = iphoneos;
				SWIFT_ACTIVE_COMPILATION_CONDITIONS = DEBUG;
				SWIFT_OPTIMIZATION_LEVEL = "-Onone";
			};
			name = Debug;
		};
		00F482E62460C746005EFFFE /* Release */ = {
			isa = XCBuildConfiguration;
			buildSettings = {
				ALWAYS_SEARCH_USER_PATHS = NO;
				CLANG_ANALYZER_NONNULL = YES;
				CLANG_ANALYZER_NUMBER_OBJECT_CONVERSION = YES_AGGRESSIVE;
				CLANG_CXX_LANGUAGE_STANDARD = "gnu++14";
				CLANG_CXX_LIBRARY = "libc++";
				CLANG_ENABLE_MODULES = YES;
				CLANG_ENABLE_OBJC_ARC = YES;
				CLANG_ENABLE_OBJC_WEAK = YES;
				CLANG_WARN_BLOCK_CAPTURE_AUTORELEASING = YES;
				CLANG_WARN_BOOL_CONVERSION = YES;
				CLANG_WARN_COMMA = YES;
				CLANG_WARN_CONSTANT_CONVERSION = YES;
				CLANG_WARN_DEPRECATED_OBJC_IMPLEMENTATIONS = YES;
				CLANG_WARN_DIRECT_OBJC_ISA_USAGE = YES_ERROR;
				CLANG_WARN_DOCUMENTATION_COMMENTS = YES;
				CLANG_WARN_EMPTY_BODY = YES;
				CLANG_WARN_ENUM_CONVERSION = YES;
				CLANG_WARN_INFINITE_RECURSION = YES;
				CLANG_WARN_INT_CONVERSION = YES;
				CLANG_WARN_NON_LITERAL_NULL_CONVERSION = YES;
				CLANG_WARN_OBJC_IMPLICIT_RETAIN_SELF = YES;
				CLANG_WARN_OBJC_LITERAL_CONVERSION = YES;
				CLANG_WARN_OBJC_ROOT_CLASS = YES_ERROR;
				CLANG_WARN_RANGE_LOOP_ANALYSIS = YES;
				CLANG_WARN_STRICT_PROTOTYPES = YES;
				CLANG_WARN_SUSPICIOUS_MOVE = YES;
				CLANG_WARN_UNGUARDED_AVAILABILITY = YES_AGGRESSIVE;
				CLANG_WARN_UNREACHABLE_CODE = YES;
				CLANG_WARN__DUPLICATE_METHOD_MATCH = YES;
				COPY_PHASE_STRIP = NO;
				DEBUG_INFORMATION_FORMAT = "dwarf-with-dsym";
				ENABLE_NS_ASSERTIONS = NO;
				ENABLE_STRICT_OBJC_MSGSEND = YES;
				GCC_C_LANGUAGE_STANDARD = gnu11;
				GCC_NO_COMMON_BLOCKS = YES;
				GCC_WARN_64_TO_32_BIT_CONVERSION = YES;
				GCC_WARN_ABOUT_RETURN_TYPE = YES_ERROR;
				GCC_WARN_UNDECLARED_SELECTOR = YES;
				GCC_WARN_UNINITIALIZED_AUTOS = YES_AGGRESSIVE;
				GCC_WARN_UNUSED_FUNCTION = YES;
				GCC_WARN_UNUSED_VARIABLE = YES;
				IPHONEOS_DEPLOYMENT_TARGET = 13.4;
				MTL_ENABLE_DEBUG_INFO = NO;
				MTL_FAST_MATH = YES;
				SDKROOT = iphoneos;
				SWIFT_COMPILATION_MODE = wholemodule;
				SWIFT_OPTIMIZATION_LEVEL = "-O";
				VALIDATE_PRODUCT = YES;
			};
			name = Release;
		};
		00F482E82460C746005EFFFE /* Debug */ = {
			isa = XCBuildConfiguration;
			buildSettings = {
				ASSETCATALOG_COMPILER_APPICON_NAME = AppIcon;
				CODE_SIGN_STYLE = Automatic;
				DEVELOPMENT_ASSET_PATHS = "\"The Star Wars API/Preview Content\"";
				DEVELOPMENT_TEAM = 33NUGZ4GWE;
				ENABLE_PREVIEWS = YES;
				INFOPLIST_FILE = "The Star Wars API/Info.plist";
				LD_RUNPATH_SEARCH_PATHS = (
					"$(inherited)",
					"@executable_path/Frameworks",
				);
				PRODUCT_BUNDLE_IDENTIFIER = "dev.calebwells.The-Star-Wars-API";
				PRODUCT_NAME = "$(TARGET_NAME)";
				SWIFT_VERSION = 5.0;
				TARGETED_DEVICE_FAMILY = "1,2";
			};
			name = Debug;
		};
		00F482E92460C746005EFFFE /* Release */ = {
			isa = XCBuildConfiguration;
			buildSettings = {
				ASSETCATALOG_COMPILER_APPICON_NAME = AppIcon;
				CODE_SIGN_STYLE = Automatic;
				DEVELOPMENT_ASSET_PATHS = "\"The Star Wars API/Preview Content\"";
				DEVELOPMENT_TEAM = 33NUGZ4GWE;
				ENABLE_PREVIEWS = YES;
				INFOPLIST_FILE = "The Star Wars API/Info.plist";
				LD_RUNPATH_SEARCH_PATHS = (
					"$(inherited)",
					"@executable_path/Frameworks",
				);
				PRODUCT_BUNDLE_IDENTIFIER = "dev.calebwells.The-Star-Wars-API";
				PRODUCT_NAME = "$(TARGET_NAME)";
				SWIFT_VERSION = 5.0;
				TARGETED_DEVICE_FAMILY = "1,2";
			};
			name = Release;
		};
/* End XCBuildConfiguration section */

/* Begin XCConfigurationList section */
		00F482CE2460C742005EFFFE /* Build configuration list for PBXProject "The Star Wars API" */ = {
			isa = XCConfigurationList;
			buildConfigurations = (
				00F482E52460C746005EFFFE /* Debug */,
				00F482E62460C746005EFFFE /* Release */,
			);
			defaultConfigurationIsVisible = 0;
			defaultConfigurationName = Release;
		};
		00F482E72460C746005EFFFE /* Build configuration list for PBXNativeTarget "The Star Wars API" */ = {
			isa = XCConfigurationList;
			buildConfigurations = (
				00F482E82460C746005EFFFE /* Debug */,
				00F482E92460C746005EFFFE /* Release */,
			);
			defaultConfigurationIsVisible = 0;
			defaultConfigurationName = Release;
		};
/* End XCConfigurationList section */
	};
	rootObject = 00F482CB2460C742005EFFFE /* Project object */;
}
