// !$*UTF8*$!
{
	archiveVersion = 1;
	classes = {
	};
	objectVersion = 50;
	objects = {

/* Begin PBXBuildFile section */
		0009564D246A420E0014007B /* PhoneView.swift in Sources */ = {isa = PBXBuildFile; fileRef = 0009564C246A420E0014007B /* PhoneView.swift */; };
		0009564F246A42AD0014007B /* PadView.swift in Sources */ = {isa = PBXBuildFile; fileRef = 0009564E246A42AD0014007B /* PadView.swift */; };
		00095651246A42F60014007B /* CardView.swift in Sources */ = {isa = PBXBuildFile; fileRef = 00095650246A42F60014007B /* CardView.swift */; };
		00095653246A43730014007B /* ListView.swift in Sources */ = {isa = PBXBuildFile; fileRef = 00095652246A43730014007B /* ListView.swift */; };
		00095655246A43C50014007B /* SettingsView.swift in Sources */ = {isa = PBXBuildFile; fileRef = 00095654246A43C50014007B /* SettingsView.swift */; };
		00AD5A1824688E5C0041015B /* AppDelegate.swift in Sources */ = {isa = PBXBuildFile; fileRef = 00AD5A1724688E5C0041015B /* AppDelegate.swift */; };
		00AD5A1A24688E5C0041015B /* SceneDelegate.swift in Sources */ = {isa = PBXBuildFile; fileRef = 00AD5A1924688E5C0041015B /* SceneDelegate.swift */; };
		00AD5A1C24688E5C0041015B /* ContentView.swift in Sources */ = {isa = PBXBuildFile; fileRef = 00AD5A1B24688E5C0041015B /* ContentView.swift */; };
		00AD5A1E24688E5E0041015B /* Assets.xcassets in Resources */ = {isa = PBXBuildFile; fileRef = 00AD5A1D24688E5E0041015B /* Assets.xcassets */; };
		00AD5A2124688E5E0041015B /* Preview Assets.xcassets in Resources */ = {isa = PBXBuildFile; fileRef = 00AD5A2024688E5E0041015B /* Preview Assets.xcassets */; };
		00AD5A2424688E5E0041015B /* LaunchScreen.storyboard in Resources */ = {isa = PBXBuildFile; fileRef = 00AD5A2224688E5E0041015B /* LaunchScreen.storyboard */; };
/* End PBXBuildFile section */

/* Begin PBXFileReference section */
		0009564B2469F4730014007B /* Flashcard App.entitlements */ = {isa = PBXFileReference; lastKnownFileType = text.plist.entitlements; path = "Flashcard App.entitlements"; sourceTree = "<group>"; };
		0009564C246A420E0014007B /* PhoneView.swift */ = {isa = PBXFileReference; lastKnownFileType = sourcecode.swift; path = PhoneView.swift; sourceTree = "<group>"; };
		0009564E246A42AD0014007B /* PadView.swift */ = {isa = PBXFileReference; lastKnownFileType = sourcecode.swift; path = PadView.swift; sourceTree = "<group>"; };
		00095650246A42F60014007B /* CardView.swift */ = {isa = PBXFileReference; lastKnownFileType = sourcecode.swift; path = CardView.swift; sourceTree = "<group>"; };
		00095652246A43730014007B /* ListView.swift */ = {isa = PBXFileReference; lastKnownFileType = sourcecode.swift; path = ListView.swift; sourceTree = "<group>"; };
		00095654246A43C50014007B /* SettingsView.swift */ = {isa = PBXFileReference; lastKnownFileType = sourcecode.swift; path = SettingsView.swift; sourceTree = "<group>"; };
		00AD5A1424688E5C0041015B /* Flashcard App.app */ = {isa = PBXFileReference; explicitFileType = wrapper.application; includeInIndex = 0; path = "Flashcard App.app"; sourceTree = BUILT_PRODUCTS_DIR; };
		00AD5A1724688E5C0041015B /* AppDelegate.swift */ = {isa = PBXFileReference; lastKnownFileType = sourcecode.swift; path = AppDelegate.swift; sourceTree = "<group>"; };
		00AD5A1924688E5C0041015B /* SceneDelegate.swift */ = {isa = PBXFileReference; lastKnownFileType = sourcecode.swift; path = SceneDelegate.swift; sourceTree = "<group>"; };
		00AD5A1B24688E5C0041015B /* ContentView.swift */ = {isa = PBXFileReference; lastKnownFileType = sourcecode.swift; path = ContentView.swift; sourceTree = "<group>"; };
		00AD5A1D24688E5E0041015B /* Assets.xcassets */ = {isa = PBXFileReference; lastKnownFileType = folder.assetcatalog; path = Assets.xcassets; sourceTree = "<group>"; };
		00AD5A2024688E5E0041015B /* Preview Assets.xcassets */ = {isa = PBXFileReference; lastKnownFileType = folder.assetcatalog; path = "Preview Assets.xcassets"; sourceTree = "<group>"; };
		00AD5A2324688E5E0041015B /* Base */ = {isa = PBXFileReference; lastKnownFileType = file.storyboard; name = Base; path = Base.lproj/LaunchScreen.storyboard; sourceTree = "<group>"; };
		00AD5A2524688E5E0041015B /* Info.plist */ = {isa = PBXFileReference; lastKnownFileType = text.plist.xml; path = Info.plist; sourceTree = "<group>"; };
/* End PBXFileReference section */

/* Begin PBXFrameworksBuildPhase section */
		00AD5A1124688E5C0041015B /* Frameworks */ = {
			isa = PBXFrameworksBuildPhase;
			buildActionMask = 2147483647;
			files = (
			);
			runOnlyForDeploymentPostprocessing = 0;
		};
/* End PBXFrameworksBuildPhase section */

/* Begin PBXGroup section */
		00095656246A444A0014007B /* App Delegates */ = {
			isa = PBXGroup;
			children = (
				00AD5A1724688E5C0041015B /* AppDelegate.swift */,
				00AD5A1924688E5C0041015B /* SceneDelegate.swift */,
			);
			path = "App Delegates";
			sourceTree = "<group>";
		};
		00AD5A0B24688E5B0041015B = {
			isa = PBXGroup;
			children = (
				00AD5A1624688E5C0041015B /* Flashcard App */,
				00AD5A1524688E5C0041015B /* Products */,
			);
			sourceTree = "<group>";
		};
		00AD5A1524688E5C0041015B /* Products */ = {
			isa = PBXGroup;
			children = (
				00AD5A1424688E5C0041015B /* Flashcard App.app */,
			);
			name = Products;
			sourceTree = "<group>";
		};
		00AD5A1624688E5C0041015B /* Flashcard App */ = {
			isa = PBXGroup;
			children = (
				0009564B2469F4730014007B /* Flashcard App.entitlements */,
				00095656246A444A0014007B /* App Delegates */,
				00AD5A1B24688E5C0041015B /* ContentView.swift */,
				0009564C246A420E0014007B /* PhoneView.swift */,
				0009564E246A42AD0014007B /* PadView.swift */,
				00095650246A42F60014007B /* CardView.swift */,
				00095652246A43730014007B /* ListView.swift */,
				00095654246A43C50014007B /* SettingsView.swift */,
				00AD5A1D24688E5E0041015B /* Assets.xcassets */,
				00AD5A2224688E5E0041015B /* LaunchScreen.storyboard */,
				00AD5A2524688E5E0041015B /* Info.plist */,
				00AD5A1F24688E5E0041015B /* Preview Content */,
			);
			path = "Flashcard App";
			sourceTree = "<group>";
		};
		00AD5A1F24688E5E0041015B /* Preview Content */ = {
			isa = PBXGroup;
			children = (
				00AD5A2024688E5E0041015B /* Preview Assets.xcassets */,
			);
			path = "Preview Content";
			sourceTree = "<group>";
		};
/* End PBXGroup section */

/* Begin PBXNativeTarget section */
		00AD5A1324688E5C0041015B /* Flashcard App */ = {
			isa = PBXNativeTarget;
			buildConfigurationList = 00AD5A2824688E5E0041015B /* Build configuration list for PBXNativeTarget "Flashcard App" */;
			buildPhases = (
				00AD5A1024688E5C0041015B /* Sources */,
				00AD5A1124688E5C0041015B /* Frameworks */,
				00AD5A1224688E5C0041015B /* Resources */,
			);
			buildRules = (
			);
			dependencies = (
			);
			name = "Flashcard App";
			productName = "Flashcard App";
			productReference = 00AD5A1424688E5C0041015B /* Flashcard App.app */;
			productType = "com.apple.product-type.application";
		};
/* End PBXNativeTarget section */

/* Begin PBXProject section */
		00AD5A0C24688E5B0041015B /* Project object */ = {
			isa = PBXProject;
			attributes = {
				LastSwiftUpdateCheck = 1140;
				LastUpgradeCheck = 1140;
				ORGANIZATIONNAME = "Caleb Wells";
				TargetAttributes = {
					00AD5A1324688E5C0041015B = {
						CreatedOnToolsVersion = 11.4.1;
					};
				};
			};
			buildConfigurationList = 00AD5A0F24688E5B0041015B /* Build configuration list for PBXProject "Flashcard App" */;
			compatibilityVersion = "Xcode 9.3";
			developmentRegion = en;
			hasScannedForEncodings = 0;
			knownRegions = (
				en,
				Base,
			);
			mainGroup = 00AD5A0B24688E5B0041015B;
			productRefGroup = 00AD5A1524688E5C0041015B /* Products */;
			projectDirPath = "";
			projectRoot = "";
			targets = (
				00AD5A1324688E5C0041015B /* Flashcard App */,
			);
		};
/* End PBXProject section */

/* Begin PBXResourcesBuildPhase section */
		00AD5A1224688E5C0041015B /* Resources */ = {
			isa = PBXResourcesBuildPhase;
			buildActionMask = 2147483647;
			files = (
				00AD5A2424688E5E0041015B /* LaunchScreen.storyboard in Resources */,
				00AD5A2124688E5E0041015B /* Preview Assets.xcassets in Resources */,
				00AD5A1E24688E5E0041015B /* Assets.xcassets in Resources */,
			);
			runOnlyForDeploymentPostprocessing = 0;
		};
/* End PBXResourcesBuildPhase section */

/* Begin PBXSourcesBuildPhase section */
		00AD5A1024688E5C0041015B /* Sources */ = {
			isa = PBXSourcesBuildPhase;
			buildActionMask = 2147483647;
			files = (
				00AD5A1824688E5C0041015B /* AppDelegate.swift in Sources */,
				00095655246A43C50014007B /* SettingsView.swift in Sources */,
				00AD5A1A24688E5C0041015B /* SceneDelegate.swift in Sources */,
				00AD5A1C24688E5C0041015B /* ContentView.swift in Sources */,
				00095653246A43730014007B /* ListView.swift in Sources */,
				0009564F246A42AD0014007B /* PadView.swift in Sources */,
				00095651246A42F60014007B /* CardView.swift in Sources */,
				0009564D246A420E0014007B /* PhoneView.swift in Sources */,
			);
			runOnlyForDeploymentPostprocessing = 0;
		};
/* End PBXSourcesBuildPhase section */

/* Begin PBXVariantGroup section */
		00AD5A2224688E5E0041015B /* LaunchScreen.storyboard */ = {
			isa = PBXVariantGroup;
			children = (
				00AD5A2324688E5E0041015B /* Base */,
			);
			name = LaunchScreen.storyboard;
			sourceTree = "<group>";
		};
/* End PBXVariantGroup section */

/* Begin XCBuildConfiguration section */
		00AD5A2624688E5E0041015B /* Debug */ = {
			isa = XCBuildConfiguration;
			buildSettings = {
				ALWAYS_SEARCH_USER_PATHS = NO;
				CLANG_ANALYZER_NONNULL = YES;
				CLANG_ANALYZER_NUMBER_OBJECT_CONVERSION = YES_AGGRESSIVE;
				CLANG_CXX_LANGUAGE_STANDARD = "gnu++14";
				CLANG_CXX_LIBRARY = "libc++";
				CLANG_ENABLE_MODULES = YES;
				CLANG_ENABLE_OBJC_ARC = YES;
				CLANG_ENABLE_OBJC_WEAK = YES;
				CLANG_WARN_BLOCK_CAPTURE_AUTORELEASING = YES;
				CLANG_WARN_BOOL_CONVERSION = YES;
				CLANG_WARN_COMMA = YES;
				CLANG_WARN_CONSTANT_CONVERSION = YES;
				CLANG_WARN_DEPRECATED_OBJC_IMPLEMENTATIONS = YES;
				CLANG_WARN_DIRECT_OBJC_ISA_USAGE = YES_ERROR;
				CLANG_WARN_DOCUMENTATION_COMMENTS = YES;
				CLANG_WARN_EMPTY_BODY = YES;
				CLANG_WARN_ENUM_CONVERSION = YES;
				CLANG_WARN_INFINITE_RECURSION = YES;
				CLANG_WARN_INT_CONVERSION = YES;
				CLANG_WARN_NON_LITERAL_NULL_CONVERSION = YES;
				CLANG_WARN_OBJC_IMPLICIT_RETAIN_SELF = YES;
				CLANG_WARN_OBJC_LITERAL_CONVERSION = YES;
				CLANG_WARN_OBJC_ROOT_CLASS = YES_ERROR;
				CLANG_WARN_RANGE_LOOP_ANALYSIS = YES;
				CLANG_WARN_STRICT_PROTOTYPES = YES;
				CLANG_WARN_SUSPICIOUS_MOVE = YES;
				CLANG_WARN_UNGUARDED_AVAILABILITY = YES_AGGRESSIVE;
				CLANG_WARN_UNREACHABLE_CODE = YES;
				CLANG_WARN__DUPLICATE_METHOD_MATCH = YES;
				COPY_PHASE_STRIP = NO;
				DEBUG_INFORMATION_FORMAT = dwarf;
				ENABLE_STRICT_OBJC_MSGSEND = YES;
				ENABLE_TESTABILITY = YES;
				GCC_C_LANGUAGE_STANDARD = gnu11;
				GCC_DYNAMIC_NO_PIC = NO;
				GCC_NO_COMMON_BLOCKS = YES;
				GCC_OPTIMIZATION_LEVEL = 0;
				GCC_PREPROCESSOR_DEFINITIONS = (
					"DEBUG=1",
					"$(inherited)",
				);
				GCC_WARN_64_TO_32_BIT_CONVERSION = YES;
				GCC_WARN_ABOUT_RETURN_TYPE = YES_ERROR;
				GCC_WARN_UNDECLARED_SELECTOR = YES;
				GCC_WARN_UNINITIALIZED_AUTOS = YES_AGGRESSIVE;
				GCC_WARN_UNUSED_FUNCTION = YES;
				GCC_WARN_UNUSED_VARIABLE = YES;
				IPHONEOS_DEPLOYMENT_TARGET = 13.4;
				MTL_ENABLE_DEBUG_INFO = INCLUDE_SOURCE;
				MTL_FAST_MATH = YES;
				ONLY_ACTIVE_ARCH = YES;
				SDKROOT = iphoneos;
				SWIFT_ACTIVE_COMPILATION_CONDITIONS = DEBUG;
				SWIFT_OPTIMIZATION_LEVEL = "-Onone";
			};
			name = Debug;
		};
		00AD5A2724688E5E0041015B /* Release */ = {
			isa = XCBuildConfiguration;
			buildSettings = {
				ALWAYS_SEARCH_USER_PATHS = NO;
				CLANG_ANALYZER_NONNULL = YES;
				CLANG_ANALYZER_NUMBER_OBJECT_CONVERSION = YES_AGGRESSIVE;
				CLANG_CXX_LANGUAGE_STANDARD = "gnu++14";
				CLANG_CXX_LIBRARY = "libc++";
				CLANG_ENABLE_MODULES = YES;
				CLANG_ENABLE_OBJC_ARC = YES;
				CLANG_ENABLE_OBJC_WEAK = YES;
				CLANG_WARN_BLOCK_CAPTURE_AUTORELEASING = YES;
				CLANG_WARN_BOOL_CONVERSION = YES;
				CLANG_WARN_COMMA = YES;
				CLANG_WARN_CONSTANT_CONVERSION = YES;
				CLANG_WARN_DEPRECATED_OBJC_IMPLEMENTATIONS = YES;
				CLANG_WARN_DIRECT_OBJC_ISA_USAGE = YES_ERROR;
				CLANG_WARN_DOCUMENTATION_COMMENTS = YES;
				CLANG_WARN_EMPTY_BODY = YES;
				CLANG_WARN_ENUM_CONVERSION = YES;
				CLANG_WARN_INFINITE_RECURSION = YES;
				CLANG_WARN_INT_CONVERSION = YES;
				CLANG_WARN_NON_LITERAL_NULL_CONVERSION = YES;
				CLANG_WARN_OBJC_IMPLICIT_RETAIN_SELF = YES;
				CLANG_WARN_OBJC_LITERAL_CONVERSION = YES;
				CLANG_WARN_OBJC_ROOT_CLASS = YES_ERROR;
				CLANG_WARN_RANGE_LOOP_ANALYSIS = YES;
				CLANG_WARN_STRICT_PROTOTYPES = YES;
				CLANG_WARN_SUSPICIOUS_MOVE = YES;
				CLANG_WARN_UNGUARDED_AVAILABILITY = YES_AGGRESSIVE;
				CLANG_WARN_UNREACHABLE_CODE = YES;
				CLANG_WARN__DUPLICATE_METHOD_MATCH = YES;
				COPY_PHASE_STRIP = NO;
				DEBUG_INFORMATION_FORMAT = "dwarf-with-dsym";
				ENABLE_NS_ASSERTIONS = NO;
				ENABLE_STRICT_OBJC_MSGSEND = YES;
				GCC_C_LANGUAGE_STANDARD = gnu11;
				GCC_NO_COMMON_BLOCKS = YES;
				GCC_WARN_64_TO_32_BIT_CONVERSION = YES;
				GCC_WARN_ABOUT_RETURN_TYPE = YES_ERROR;
				GCC_WARN_UNDECLARED_SELECTOR = YES;
				GCC_WARN_UNINITIALIZED_AUTOS = YES_AGGRESSIVE;
				GCC_WARN_UNUSED_FUNCTION = YES;
				GCC_WARN_UNUSED_VARIABLE = YES;
				IPHONEOS_DEPLOYMENT_TARGET = 13.4;
				MTL_ENABLE_DEBUG_INFO = NO;
				MTL_FAST_MATH = YES;
				SDKROOT = iphoneos;
				SWIFT_COMPILATION_MODE = wholemodule;
				SWIFT_OPTIMIZATION_LEVEL = "-O";
				VALIDATE_PRODUCT = YES;
			};
			name = Release;
		};
		00AD5A2924688E5E0041015B /* Debug */ = {
			isa = XCBuildConfiguration;
			buildSettings = {
				ASSETCATALOG_COMPILER_APPICON_NAME = AppIcon;
				CODE_SIGN_ENTITLEMENTS = "Flashcard App/Flashcard App.entitlements";
				CODE_SIGN_STYLE = Automatic;
				DEVELOPMENT_ASSET_PATHS = "\"Flashcard App/Preview Content\"";
				DEVELOPMENT_TEAM = 33NUGZ4GWE;
				ENABLE_PREVIEWS = YES;
				INFOPLIST_FILE = "Flashcard App/Info.plist";
				LD_RUNPATH_SEARCH_PATHS = (
					"$(inherited)",
					"@executable_path/Frameworks",
				);
				PRODUCT_BUNDLE_IDENTIFIER = "com.LittleRed.Flashcard-App";
				PRODUCT_NAME = "$(TARGET_NAME)";
				SUPPORTS_MACCATALYST = YES;
				SWIFT_VERSION = 5.0;
				TARGETED_DEVICE_FAMILY = "1,2";
			};
			name = Debug;
		};
		00AD5A2A24688E5E0041015B /* Release */ = {
			isa = XCBuildConfiguration;
			buildSettings = {
				ASSETCATALOG_COMPILER_APPICON_NAME = AppIcon;
				CODE_SIGN_ENTITLEMENTS = "Flashcard App/Flashcard App.entitlements";
				CODE_SIGN_STYLE = Automatic;
				DEVELOPMENT_ASSET_PATHS = "\"Flashcard App/Preview Content\"";
				DEVELOPMENT_TEAM = 33NUGZ4GWE;
				ENABLE_PREVIEWS = YES;
				INFOPLIST_FILE = "Flashcard App/Info.plist";
				LD_RUNPATH_SEARCH_PATHS = (
					"$(inherited)",
					"@executable_path/Frameworks",
				);
				PRODUCT_BUNDLE_IDENTIFIER = "com.LittleRed.Flashcard-App";
				PRODUCT_NAME = "$(TARGET_NAME)";
				SUPPORTS_MACCATALYST = YES;
				SWIFT_VERSION = 5.0;
				TARGETED_DEVICE_FAMILY = "1,2";
			};
			name = Release;
		};
/* End XCBuildConfiguration section */

/* Begin XCConfigurationList section */
		00AD5A0F24688E5B0041015B /* Build configuration list for PBXProject "Flashcard App" */ = {
			isa = XCConfigurationList;
			buildConfigurations = (
				00AD5A2624688E5E0041015B /* Debug */,
				00AD5A2724688E5E0041015B /* Release */,
			);
			defaultConfigurationIsVisible = 0;
			defaultConfigurationName = Release;
		};
		00AD5A2824688E5E0041015B /* Build configuration list for PBXNativeTarget "Flashcard App" */ = {
			isa = XCConfigurationList;
			buildConfigurations = (
				00AD5A2924688E5E0041015B /* Debug */,
				00AD5A2A24688E5E0041015B /* Release */,
			);
			defaultConfigurationIsVisible = 0;
			defaultConfigurationName = Release;
		};
/* End XCConfigurationList section */
	};
	rootObject = 00AD5A0C24688E5B0041015B /* Project object */;
}
